// !$*UTF8*$!
{
	archiveVersion = 1;
	classes = {
	};
	objectVersion = 50;
	objects = {

/* Begin PBXBuildFile section */
		15C979A62294802600A3171B /* AppDelegate.swift in Sources */ = {isa = PBXBuildFile; fileRef = 15C979A52294802600A3171B /* AppDelegate.swift */; };
		15C979A82294802600A3171B /* ViewController.swift in Sources */ = {isa = PBXBuildFile; fileRef = 15C979A72294802600A3171B /* ViewController.swift */; };
		15C979AB2294802600A3171B /* Main.storyboard in Resources */ = {isa = PBXBuildFile; fileRef = 15C979A92294802600A3171B /* Main.storyboard */; };
		15C979AD2294802900A3171B /* Assets.xcassets in Resources */ = {isa = PBXBuildFile; fileRef = 15C979AC2294802900A3171B /* Assets.xcassets */; };
		15C979B02294802900A3171B /* LaunchScreen.storyboard in Resources */ = {isa = PBXBuildFile; fileRef = 15C979AE2294802900A3171B /* LaunchScreen.storyboard */; };
		15C979B82294808200A3171B /* MagicalCreature.swift in Sources */ = {isa = PBXBuildFile; fileRef = 15C979B72294808200A3171B /* MagicalCreature.swift */; };
		15C979BA2294848600A3171B /* CreatureViewController.swift in Sources */ = {isa = PBXBuildFile; fileRef = 15C979B92294848600A3171B /* CreatureViewController.swift */; };
/* End PBXBuildFile section */

/* Begin PBXFileReference section */
		15C979A22294802600A3171B /* MCMS.app */ = {isa = PBXFileReference; explicitFileType = wrapper.application; includeInIndex = 0; path = MCMS.app; sourceTree = BUILT_PRODUCTS_DIR; };
		15C979A52294802600A3171B /* AppDelegate.swift */ = {isa = PBXFileReference; lastKnownFileType = sourcecode.swift; path = AppDelegate.swift; sourceTree = "<group>"; };
		15C979A72294802600A3171B /* ViewController.swift */ = {isa = PBXFileReference; lastKnownFileType = sourcecode.swift; path = ViewController.swift; sourceTree = "<group>"; };
		15C979AA2294802600A3171B /* Base */ = {isa = PBXFileReference; lastKnownFileType = file.storyboard; name = Base; path = Base.lproj/Main.storyboard; sourceTree = "<group>"; };
		15C979AC2294802900A3171B /* Assets.xcassets */ = {isa = PBXFileReference; lastKnownFileType = folder.assetcatalog; path = Assets.xcassets; sourceTree = "<group>"; };
		15C979AF2294802900A3171B /* Base */ = {isa = PBXFileReference; lastKnownFileType = file.storyboard; name = Base; path = Base.lproj/LaunchScreen.storyboard; sourceTree = "<group>"; };
		15C979B12294802900A3171B /* Info.plist */ = {isa = PBXFileReference; lastKnownFileType = text.plist.xml; path = Info.plist; sourceTree = "<group>"; };
		15C979B72294808200A3171B /* MagicalCreature.swift */ = {isa = PBXFileReference; lastKnownFileType = sourcecode.swift; path = MagicalCreature.swift; sourceTree = "<group>"; };
		15C979B92294848600A3171B /* CreatureViewController.swift */ = {isa = PBXFileReference; lastKnownFileType = sourcecode.swift; path = CreatureViewController.swift; sourceTree = "<group>"; };
/* End PBXFileReference section */

/* Begin PBXFrameworksBuildPhase section */
		15C9799F2294802600A3171B /* Frameworks */ = {
			isa = PBXFrameworksBuildPhase;
			buildActionMask = 2147483647;
			files = (
			);
			runOnlyForDeploymentPostprocessing = 0;
		};
/* End PBXFrameworksBuildPhase section */

/* Begin PBXGroup section */
		15C979992294802600A3171B = {
			isa = PBXGroup;
			children = (
				15C979A42294802600A3171B /* MCMS */,
				15C979A32294802600A3171B /* Products */,
			);
			sourceTree = "<group>";
		};
		15C979A32294802600A3171B /* Products */ = {
			isa = PBXGroup;
			children = (
				15C979A22294802600A3171B /* MCMS.app */,
			);
			name = Products;
			sourceTree = "<group>";
		};
		15C979A42294802600A3171B /* MCMS */ = {
			isa = PBXGroup;
			children = (
				15C979A52294802600A3171B /* AppDelegate.swift */,
				15C979A72294802600A3171B /* ViewController.swift */,
				15C979A92294802600A3171B /* Main.storyboard */,
				15C979B92294848600A3171B /* CreatureViewController.swift */,
				15C979B72294808200A3171B /* MagicalCreature.swift */,
				15C979AC2294802900A3171B /* Assets.xcassets */,
				15C979AE2294802900A3171B /* LaunchScreen.storyboard */,
				15C979B12294802900A3171B /* Info.plist */,
			);
			path = MCMS;
			sourceTree = "<group>";
		};
/* End PBXGroup section */

/* Begin PBXNativeTarget section */
		15C979A12294802600A3171B /* MCMS */ = {
			isa = PBXNativeTarget;
			buildConfigurationList = 15C979B42294802900A3171B /* Build configuration list for PBXNativeTarget "MCMS" */;
			buildPhases = (
				15C9799E2294802600A3171B /* Sources */,
				15C9799F2294802600A3171B /* Frameworks */,
				15C979A02294802600A3171B /* Resources */,
			);
			buildRules = (
			);
			dependencies = (
			);
			name = MCMS;
			productName = MCMS;
			productReference = 15C979A22294802600A3171B /* MCMS.app */;
			productType = "com.apple.product-type.application";
		};
/* End PBXNativeTarget section */

/* Begin PBXProject section */
		15C9799A2294802600A3171B /* Project object */ = {
			isa = PBXProject;
			attributes = {
				LastSwiftUpdateCheck = 1020;
				LastUpgradeCheck = 1020;
				ORGANIZATIONNAME = "Grayson Stanton";
				TargetAttributes = {
					15C979A12294802600A3171B = {
						CreatedOnToolsVersion = 10.2.1;
					};
				};
			};
			buildConfigurationList = 15C9799D2294802600A3171B /* Build configuration list for PBXProject "MCMS" */;
			compatibilityVersion = "Xcode 9.3";
			developmentRegion = en;
			hasScannedForEncodings = 0;
			knownRegions = (
				en,
				Base,
			);
			mainGroup = 15C979992294802600A3171B;
			productRefGroup = 15C979A32294802600A3171B /* Products */;
			projectDirPath = "";
			projectRoot = "";
			targets = (
				15C979A12294802600A3171B /* MCMS */,
			);
		};
/* End PBXProject section */

/* Begin PBXResourcesBuildPhase section */
		15C979A02294802600A3171B /* Resources */ = {
			isa = PBXResourcesBuildPhase;
			buildActionMask = 2147483647;
			files = (
				15C979B02294802900A3171B /* LaunchScreen.storyboard in Resources */,
				15C979AD2294802900A3171B /* Assets.xcassets in Resources */,
				15C979AB2294802600A3171B /* Main.storyboard in Resources */,
			);
			runOnlyForDeploymentPostprocessing = 0;
		};
/* End PBXResourcesBuildPhase section */

/* Begin PBXSourcesBuildPhase section */
		15C9799E2294802600A3171B /* Sources */ = {
			isa = PBXSourcesBuildPhase;
			buildActionMask = 2147483647;
			files = (
				15C979A82294802600A3171B /* ViewController.swift in Sources */,
				15C979BA2294848600A3171B /* CreatureViewController.swift in Sources */,
				15C979A62294802600A3171B /* AppDelegate.swift in Sources */,
				15C979B82294808200A3171B /* MagicalCreature.swift in Sources */,
			);
			runOnlyForDeploymentPostprocessing = 0;
		};
/* End PBXSourcesBuildPhase section */

/* Begin PBXVariantGroup section */
		15C979A92294802600A3171B /* Main.storyboard */ = {
			isa = PBXVariantGroup;
			children = (
				15C979AA2294802600A3171B /* Base */,
			);
			name = Main.storyboard;
			sourceTree = "<group>";
		};
		15C979AE2294802900A3171B /* LaunchScreen.storyboard */ = {
			isa = PBXVariantGroup;
			children = (
				15C979AF2294802900A3171B /* Base */,
			);
			name = LaunchScreen.storyboard;
			sourceTree = "<group>";
		};
/* End PBXVariantGroup section */

/* Begin XCBuildConfiguration section */
		15C979B22294802900A3171B /* Debug */ = {
			isa = XCBuildConfiguration;
			buildSettings = {
				ALWAYS_SEARCH_USER_PATHS = NO;
				CLANG_ANALYZER_NONNULL = YES;
				CLANG_ANALYZER_NUMBER_OBJECT_CONVERSION = YES_AGGRESSIVE;
				CLANG_CXX_LANGUAGE_STANDARD = "gnu++14";
				CLANG_CXX_LIBRARY = "libc++";
				CLANG_ENABLE_MODULES = YES;
				CLANG_ENABLE_OBJC_ARC = YES;
				CLANG_ENABLE_OBJC_WEAK = YES;
				CLANG_WARN_BLOCK_CAPTURE_AUTORELEASING = YES;
				CLANG_WARN_BOOL_CONVERSION = YES;
				CLANG_WARN_COMMA = YES;
				CLANG_WARN_CONSTANT_CONVERSION = YES;
				CLANG_WARN_DEPRECATED_OBJC_IMPLEMENTATIONS = YES;
				CLANG_WARN_DIRECT_OBJC_ISA_USAGE = YES_ERROR;
				CLANG_WARN_DOCUMENTATION_COMMENTS = YES;
				CLANG_WARN_EMPTY_BODY = YES;
				CLANG_WARN_ENUM_CONVERSION = YES;
				CLANG_WARN_INFINITE_RECURSION = YES;
				CLANG_WARN_INT_CONVERSION = YES;
				CLANG_WARN_NON_LITERAL_NULL_CONVERSION = YES;
				CLANG_WARN_OBJC_IMPLICIT_RETAIN_SELF = YES;
				CLANG_WARN_OBJC_LITERAL_CONVERSION = YES;
				CLANG_WARN_OBJC_ROOT_CLASS = YES_ERROR;
				CLANG_WARN_RANGE_LOOP_ANALYSIS = YES;
				CLANG_WARN_STRICT_PROTOTYPES = YES;
				CLANG_WARN_SUSPICIOUS_MOVE = YES;
				CLANG_WARN_UNGUARDED_AVAILABILITY = YES_AGGRESSIVE;
				CLANG_WARN_UNREACHABLE_CODE = YES;
				CLANG_WARN__DUPLICATE_METHOD_MATCH = YES;
				CODE_SIGN_IDENTITY = "iPhone Developer";
				COPY_PHASE_STRIP = NO;
				DEBUG_INFORMATION_FORMAT = dwarf;
				ENABLE_STRICT_OBJC_MSGSEND = YES;
				ENABLE_TESTABILITY = YES;
				GCC_C_LANGUAGE_STANDARD = gnu11;
				GCC_DYNAMIC_NO_PIC = NO;
				GCC_NO_COMMON_BLOCKS = YES;
				GCC_OPTIMIZATION_LEVEL = 0;
				GCC_PREPROCESSOR_DEFINITIONS = (
					"DEBUG=1",
					"$(inherited)",
				);
				GCC_WARN_64_TO_32_BIT_CONVERSION = YES;
				GCC_WARN_ABOUT_RETURN_TYPE = YES_ERROR;
				GCC_WARN_UNDECLARED_SELECTOR = YES;
				GCC_WARN_UNINITIALIZED_AUTOS = YES_AGGRESSIVE;
				GCC_WARN_UNUSED_FUNCTION = YES;
				GCC_WARN_UNUSED_VARIABLE = YES;
				IPHONEOS_DEPLOYMENT_TARGET = 12.2;
				MTL_ENABLE_DEBUG_INFO = INCLUDE_SOURCE;
				MTL_FAST_MATH = YES;
				ONLY_ACTIVE_ARCH = YES;
				SDKROOT = iphoneos;
				SWIFT_ACTIVE_COMPILATION_CONDITIONS = DEBUG;
				SWIFT_OPTIMIZATION_LEVEL = "-Onone";
			};
			name = Debug;
		};
		15C979B32294802900A3171B /* Release */ = {
			isa = XCBuildConfiguration;
			buildSettings = {
				ALWAYS_SEARCH_USER_PATHS = NO;
				CLANG_ANALYZER_NONNULL = YES;
				CLANG_ANALYZER_NUMBER_OBJECT_CONVERSION = YES_AGGRESSIVE;
				CLANG_CXX_LANGUAGE_STANDARD = "gnu++14";
				CLANG_CXX_LIBRARY = "libc++";
				CLANG_ENABLE_MODULES = YES;
				CLANG_ENABLE_OBJC_ARC = YES;
				CLANG_ENABLE_OBJC_WEAK = YES;
				CLANG_WARN_BLOCK_CAPTURE_AUTORELEASING = YES;
				CLANG_WARN_BOOL_CONVERSION = YES;
				CLANG_WARN_COMMA = YES;
				CLANG_WARN_CONSTANT_CONVERSION = YES;
				CLANG_WARN_DEPRECATED_OBJC_IMPLEMENTATIONS = YES;
				CLANG_WARN_DIRECT_OBJC_ISA_USAGE = YES_ERROR;
				CLANG_WARN_DOCUMENTATION_COMMENTS = YES;
				CLANG_WARN_EMPTY_BODY = YES;
				CLANG_WARN_ENUM_CONVERSION = YES;
				CLANG_WARN_INFINITE_RECURSION = YES;
				CLANG_WARN_INT_CONVERSION = YES;
				CLANG_WARN_NON_LITERAL_NULL_CONVERSION = YES;
				CLANG_WARN_OBJC_IMPLICIT_RETAIN_SELF = YES;
				CLANG_WARN_OBJC_LITERAL_CONVERSION = YES;
				CLANG_WARN_OBJC_ROOT_CLASS = YES_ERROR;
				CLANG_WARN_RANGE_LOOP_ANALYSIS = YES;
				CLANG_WARN_STRICT_PROTOTYPES = YES;
				CLANG_WARN_SUSPICIOUS_MOVE = YES;
				CLANG_WARN_UNGUARDED_AVAILABILITY = YES_AGGRESSIVE;
				CLANG_WARN_UNREACHABLE_CODE = YES;
				CLANG_WARN__DUPLICATE_METHOD_MATCH = YES;
				CODE_SIGN_IDENTITY = "iPhone Developer";
				COPY_PHASE_STRIP = NO;
				DEBUG_INFORMATION_FORMAT = "dwarf-with-dsym";
				ENABLE_NS_ASSERTIONS = NO;
				ENABLE_STRICT_OBJC_MSGSEND = YES;
				GCC_C_LANGUAGE_STANDARD = gnu11;
				GCC_NO_COMMON_BLOCKS = YES;
				GCC_WARN_64_TO_32_BIT_CONVERSION = YES;
				GCC_WARN_ABOUT_RETURN_TYPE = YES_ERROR;
				GCC_WARN_UNDECLARED_SELECTOR = YES;
				GCC_WARN_UNINITIALIZED_AUTOS = YES_AGGRESSIVE;
				GCC_WARN_UNUSED_FUNCTION = YES;
				GCC_WARN_UNUSED_VARIABLE = YES;
				IPHONEOS_DEPLOYMENT_TARGET = 12.2;
				MTL_ENABLE_DEBUG_INFO = NO;
				MTL_FAST_MATH = YES;
				SDKROOT = iphoneos;
				SWIFT_COMPILATION_MODE = wholemodule;
				SWIFT_OPTIMIZATION_LEVEL = "-O";
				VALIDATE_PRODUCT = YES;
			};
			name = Release;
		};
		15C979B52294802900A3171B /* Debug */ = {
			isa = XCBuildConfiguration;
			buildSettings = {
				ASSETCATALOG_COMPILER_APPICON_NAME = AppIcon;
				CODE_SIGN_STYLE = Automatic;
				DEVELOPMENT_TEAM = CLN5L9C8Q8;
				INFOPLIST_FILE = MCMS/Info.plist;
				LD_RUNPATH_SEARCH_PATHS = (
					"$(inherited)",
					"@executable_path/Frameworks",
				);
				PRODUCT_BUNDLE_IDENTIFIER = "UNO-Appjam.MCMS";
				PRODUCT_NAME = "$(TARGET_NAME)";
				SWIFT_VERSION = 5.0;
				TARGETED_DEVICE_FAMILY = "1,2";
			};
			name = Debug;
		};
		15C979B62294802900A3171B /* Release */ = {
			isa = XCBuildConfiguration;
			buildSettings = {
				ASSETCATALOG_COMPILER_APPICON_NAME = AppIcon;
				CODE_SIGN_STYLE = Automatic;
				DEVELOPMENT_TEAM = CLN5L9C8Q8;
				INFOPLIST_FILE = MCMS/Info.plist;
				LD_RUNPATH_SEARCH_PATHS = (
					"$(inherited)",
					"@executable_path/Frameworks",
				);
				PRODUCT_BUNDLE_IDENTIFIER = "UNO-Appjam.MCMS";
				PRODUCT_NAME = "$(TARGET_NAME)";
				SWIFT_VERSION = 5.0;
				TARGETED_DEVICE_FAMILY = "1,2";
			};
			name = Release;
		};
/* End XCBuildConfiguration section */

/* Begin XCConfigurationList section */
		15C9799D2294802600A3171B /* Build configuration list for PBXProject "MCMS" */ = {
			isa = XCConfigurationList;
			buildConfigurations = (
				15C979B22294802900A3171B /* Debug */,
				15C979B32294802900A3171B /* Release */,
			);
			defaultConfigurationIsVisible = 0;
			defaultConfigurationName = Release;
		};
		15C979B42294802900A3171B /* Build configuration list for PBXNativeTarget "MCMS" */ = {
			isa = XCConfigurationList;
			buildConfigurations = (
				15C979B52294802900A3171B /* Debug */,
				15C979B62294802900A3171B /* Release */,
			);
			defaultConfigurationIsVisible = 0;
			defaultConfigurationName = Release;
		};
/* End XCConfigurationList section */
	};
	rootObject = 15C9799A2294802600A3171B /* Project object */;
}
